
Microsoft Visual Studio Solution File, Format Version 12.00
# Visual Studio Version 16
VisualStudioVersion = 16.0.32802.440
MinimumVisualStudioVersion = 10.0.40219.1
Project("{FAE04EC0-301F-11D3-BF4B-00C04F79EFBC}") = "1.Hello World", "1.Hello World\1.Hello World.csproj", "{EA6984B7-024D-487C-B86E-F35D055A570D}"
EndProject
Global
	GlobalSection(SolutionConfigurationPlatforms) = preSolution
		Debug|Any CPU = Debug|Any CPU
		Release|Any CPU = Release|Any CPU
	EndGlobalSection
	GlobalSection(ProjectConfigurationPlatforms) = postSolution
		{EA6984B7-024D-487C-B86E-F35D055A570D}.Debug|Any CPU.ActiveCfg = Debug|Any CPU
		{EA6984B7-024D-487C-B86E-F35D055A570D}.Debug|Any CPU.Build.0 = Debug|Any CPU
		{EA6984B7-024D-487C-B86E-F35D055A570D}.Release|Any CPU.ActiveCfg = Release|Any CPU
		{EA6984B7-024D-487C-B86E-F35D055A570D}.Release|Any CPU.Build.0 = Release|Any CPU
	EndGlobalSection
	GlobalSection(SolutionProperties) = preSolution
		HideSolutionNode = FALSE
	EndGlobalSection
	GlobalSection(ExtensibilityGlobals) = postSolution
		SolutionGuid = {4EC0CA09-1702-419C-B4D3-0EE57A7246D9}
	EndGlobalSection
EndGlobal
